dependencies:
- name: boxer-crd
  repository: oci://ghcr.io/sneaksanddata/helm
  version: v0.0.5
- name: boxer-validator-nginx
  repository: oci://ghcr.io/sneaksanddata/helm
  version: v0.0.19
digest: sha256:bdf482e2856f03fe16291b73e7e820221ddbd2cfb00078035fe7c3b4de8b8274
generated: "2026-08-11T11:50:46.071408+02:00"
